
Microsoft Visual Studio Solution File, Format Version 12.00
# Visual Studio Version 17
VisualStudioVersion = 17.9.34714.143
MinimumVisualStudioVersion = 10.0.40219.1
Project("{FAE04EC0-301F-11D3-BF4B-00C04F79EFBC}") = "presentacion", "sistema\presentacion.csproj", "{A99AB9EA-9D0A-4E1D-9ADD-170FCFD9CB74}"
EndProject
Global
	GlobalSection(SolutionConfigurationPlatforms) = preSolution
		Debug|Any CPU = Debug|Any CPU
		Release|Any CPU = Release|Any CPU
	EndGlobalSection
	GlobalSection(ProjectConfigurationPlatforms) = postSolution
		{A99AB9EA-9D0A-4E1D-9ADD-170FCFD9CB74}.Debug|Any CPU.ActiveCfg = Debug|Any CPU
		{A99AB9EA-9D0A-4E1D-9ADD-170FCFD9CB74}.Debug|Any CPU.Build.0 = Debug|Any CPU
		{A99AB9EA-9D0A-4E1D-9ADD-170FCFD9CB74}.Release|Any CPU.ActiveCfg = Release|Any CPU
		{A99AB9EA-9D0A-4E1D-9ADD-170FCFD9CB74}.Release|Any CPU.Build.0 = Release|Any CPU
	EndGlobalSection
	GlobalSection(SolutionProperties) = preSolution
		HideSolutionNode = FALSE
	EndGlobalSection
	GlobalSection(ExtensibilityGlobals) = postSolution
		SolutionGuid = {A1FA14ED-34A5-4BF1-B0C7-4A081AE68B97}
	EndGlobalSection
EndGlobal
